
Microsoft Visual Studio Solution File, Format Version 12.00
# Visual Studio Version 17
VisualStudioVersion = 17.8.34525.116
MinimumVisualStudioVersion = 10.0.40219.1
Project("{9A19103F-16F7-4668-BE54-9A1E7A4F7556}") = "cosmos-markdown", "cosmos-markdown\cosmos-markdown.csproj", "{1F08DCAB-A128-4D67-959F-F1D2CC28E3BE}"
EndProject
Project("{9A19103F-16F7-4668-BE54-9A1E7A4F7556}") = "cosmos-markdown.regex", "cosmos-markdown.regex\cosmos-markdown.regex.csproj", "{C4FB49B8-FC24-4738-88D9-4480BE0EA8B8}"
EndProject
Project("{FAE04EC0-301F-11D3-BF4B-00C04F79EFBC}") = "cosmos-markdown.test", "cosmos-markdown.test\cosmos-markdown.test.csproj", "{60C48B52-86AC-428B-B41C-0EABBE49AD16}"
EndProject
Global
	GlobalSection(SolutionConfigurationPlatforms) = preSolution
		Debug|Any CPU = Debug|Any CPU
		Release|Any CPU = Release|Any CPU
	EndGlobalSection
	GlobalSection(ProjectConfigurationPlatforms) = postSolution
		{1F08DCAB-A128-4D67-959F-F1D2CC28E3BE}.Debug|Any CPU.ActiveCfg = Debug|Any CPU
		{1F08DCAB-A128-4D67-959F-F1D2CC28E3BE}.Debug|Any CPU.Build.0 = Debug|Any CPU
		{1F08DCAB-A128-4D67-959F-F1D2CC28E3BE}.Release|Any CPU.ActiveCfg = Release|Any CPU
		{1F08DCAB-A128-4D67-959F-F1D2CC28E3BE}.Release|Any CPU.Build.0 = Release|Any CPU
		{C4FB49B8-FC24-4738-88D9-4480BE0EA8B8}.Debug|Any CPU.ActiveCfg = Debug|Any CPU
		{C4FB49B8-FC24-4738-88D9-4480BE0EA8B8}.Debug|Any CPU.Build.0 = Debug|Any CPU
		{C4FB49B8-FC24-4738-88D9-4480BE0EA8B8}.Release|Any CPU.ActiveCfg = Release|Any CPU
		{C4FB49B8-FC24-4738-88D9-4480BE0EA8B8}.Release|Any CPU.Build.0 = Release|Any CPU
		{60C48B52-86AC-428B-B41C-0EABBE49AD16}.Debug|Any CPU.ActiveCfg = Debug|Any CPU
		{60C48B52-86AC-428B-B41C-0EABBE49AD16}.Debug|Any CPU.Build.0 = Debug|Any CPU
		{60C48B52-86AC-428B-B41C-0EABBE49AD16}.Release|Any CPU.ActiveCfg = Release|Any CPU
		{60C48B52-86AC-428B-B41C-0EABBE49AD16}.Release|Any CPU.Build.0 = Release|Any CPU
	EndGlobalSection
	GlobalSection(SolutionProperties) = preSolution
		HideSolutionNode = FALSE
	EndGlobalSection
	GlobalSection(ExtensibilityGlobals) = postSolution
		SolutionGuid = {45AC801F-7878-4466-BC90-5BE1C5268E20}
	EndGlobalSection
EndGlobal
